{
  "name": "codex-status-light",
  "version": "0.2.0",
  "lockfileVersion": 3,
  "requires": true,
  "packages": {
    "": {
      "name": "codex-status-light",
      "version": "0.2.0",
      "license": "MIT",
      "bin": {
        "codex-light": "bin/codex-light.mjs"
      },
      "engines": {
        "node": ">=18"
      }
    }
  }
}
